
Microsoft Visual Studio Solution File, Format Version 12.00
# Visual Studio Version 17
VisualStudioVersion = 17.11.35303.130
MinimumVisualStudioVersion = 10.0.40219.1
Project("{9A19103F-16F7-4668-BE54-9A1E7A4F7556}") = "GloboClimaAPI", "GloboClimaAPI_final\GloboClimaAPI.csproj", "{F9AD5036-9D4D-45A9-ACCD-FE2FBDC7A80E}"
EndProject
Project("{9A19103F-16F7-4668-BE54-9A1E7A4F7556}") = "GloboClimaApp", "GloboClimaApp\GloboClimaApp.csproj", "{59927106-AB5E-47E1-8942-ADF22B4B48BA}"
EndProject
Global
	GlobalSection(SolutionConfigurationPlatforms) = preSolution
		Debug|Any CPU = Debug|Any CPU
		Release|Any CPU = Release|Any CPU
	EndGlobalSection
	GlobalSection(ProjectConfigurationPlatforms) = postSolution
		{F9AD5036-9D4D-45A9-ACCD-FE2FBDC7A80E}.Debug|Any CPU.ActiveCfg = Debug|Any CPU
		{F9AD5036-9D4D-45A9-ACCD-FE2FBDC7A80E}.Debug|Any CPU.Build.0 = Debug|Any CPU
		{F9AD5036-9D4D-45A9-ACCD-FE2FBDC7A80E}.Release|Any CPU.ActiveCfg = Release|Any CPU
		{F9AD5036-9D4D-45A9-ACCD-FE2FBDC7A80E}.Release|Any CPU.Build.0 = Release|Any CPU
		{59927106-AB5E-47E1-8942-ADF22B4B48BA}.Debug|Any CPU.ActiveCfg = Debug|Any CPU
		{59927106-AB5E-47E1-8942-ADF22B4B48BA}.Debug|Any CPU.Build.0 = Debug|Any CPU
		{59927106-AB5E-47E1-8942-ADF22B4B48BA}.Release|Any CPU.ActiveCfg = Release|Any CPU
		{59927106-AB5E-47E1-8942-ADF22B4B48BA}.Release|Any CPU.Build.0 = Release|Any CPU
	EndGlobalSection
	GlobalSection(SolutionProperties) = preSolution
		HideSolutionNode = FALSE
	EndGlobalSection
	GlobalSection(ExtensibilityGlobals) = postSolution
		SolutionGuid = {8D3879AB-3101-4F0C-BCC7-179C9DE736BA}
	EndGlobalSection
EndGlobal
